
Microsoft Visual Studio Solution File, Format Version 12.00
# Visual Studio Version 16
VisualStudioVersion = 16.0.28803.202
MinimumVisualStudioVersion = 10.0.40219.1
Project("{FAE04EC0-301F-11D3-BF4B-00C04F79EFBC}") = "NumMethLab1", "NumMethLab1\NumMethLab1.csproj", "{99E39A7E-A8DE-48DF-A65C-BFE8FBCF011B}"
EndProject
Project("{FAE04EC0-301F-11D3-BF4B-00C04F79EFBC}") = "NumMethLab2", "NumMethLab2\NumMethLab2.csproj", "{C94152D7-A40A-41BC-A16A-A8E020CCB162}"
EndProject
Project("{FAE04EC0-301F-11D3-BF4B-00C04F79EFBC}") = "NumMethLab3", "NumMethLab3\NumMethLab3.csproj", "{F6D36C54-169B-42F1-8DB5-C8018CC3CD8D}"
EndProject
Global
	GlobalSection(SolutionConfigurationPlatforms) = preSolution
		Debug|Any CPU = Debug|Any CPU
		Release|Any CPU = Release|Any CPU
	EndGlobalSection
	GlobalSection(ProjectConfigurationPlatforms) = postSolution
		{99E39A7E-A8DE-48DF-A65C-BFE8FBCF011B}.Debug|Any CPU.ActiveCfg = Debug|Any CPU
		{99E39A7E-A8DE-48DF-A65C-BFE8FBCF011B}.Debug|Any CPU.Build.0 = Debug|Any CPU
		{99E39A7E-A8DE-48DF-A65C-BFE8FBCF011B}.Release|Any CPU.ActiveCfg = Release|Any CPU
		{99E39A7E-A8DE-48DF-A65C-BFE8FBCF011B}.Release|Any CPU.Build.0 = Release|Any CPU
		{C94152D7-A40A-41BC-A16A-A8E020CCB162}.Debug|Any CPU.ActiveCfg = Debug|Any CPU
		{C94152D7-A40A-41BC-A16A-A8E020CCB162}.Debug|Any CPU.Build.0 = Debug|Any CPU
		{C94152D7-A40A-41BC-A16A-A8E020CCB162}.Release|Any CPU.ActiveCfg = Release|Any CPU
		{C94152D7-A40A-41BC-A16A-A8E020CCB162}.Release|Any CPU.Build.0 = Release|Any CPU
		{F6D36C54-169B-42F1-8DB5-C8018CC3CD8D}.Debug|Any CPU.ActiveCfg = Debug|Any CPU
		{F6D36C54-169B-42F1-8DB5-C8018CC3CD8D}.Debug|Any CPU.Build.0 = Debug|Any CPU
		{F6D36C54-169B-42F1-8DB5-C8018CC3CD8D}.Release|Any CPU.ActiveCfg = Release|Any CPU
		{F6D36C54-169B-42F1-8DB5-C8018CC3CD8D}.Release|Any CPU.Build.0 = Release|Any CPU
	EndGlobalSection
	GlobalSection(SolutionProperties) = preSolution
		HideSolutionNode = FALSE
	EndGlobalSection
	GlobalSection(ExtensibilityGlobals) = postSolution
		SolutionGuid = {4B5AF9FB-13C9-4BDE-B7AA-F92A07E27A2B}
	EndGlobalSection
EndGlobal
